{
  "name": "apollo-universal-starter-kit",
  "version": "1.0.0",
  "lockfileVersion": 1,
  "requires": true,
  "dependencies": {
    "ngx-uploader": {
      "version": "4.0.2",
      "resolved": "https://registry.npmjs.org/ngx-uploader/-/ngx-uploader-4.0.2.tgz",
      "integrity": "sha512-58XSPxu2INJYRx8684PSfLf9E93KjnObfk5mZ8FNj7UXkhzl8uejPnHYZhGY2woxWPD0xt4R6uw54zoWBwSDEw=="
    }
  }
}
